
Microsoft Visual Studio Solution File, Format Version 12.00
# Visual Studio Version 16
VisualStudioVersion = 16.0.810.11
MinimumVisualStudioVersion = 10.0.40219.1
Project("{FAE04EC0-301F-11D3-BF4B-00C04F79EFBC}") = "Faur_Daniel_Lab8", "Faur_Daniel_Lab8\Faur_Daniel_Lab8.csproj", "{0E6B8BE5-31D9-4239-95DF-FD9C36672C5D}"
EndProject
Global
	GlobalSection(SolutionConfigurationPlatforms) = preSolution
		Debug|Any CPU = Debug|Any CPU
		Release|Any CPU = Release|Any CPU
	EndGlobalSection
	GlobalSection(ProjectConfigurationPlatforms) = postSolution
		{0E6B8BE5-31D9-4239-95DF-FD9C36672C5D}.Debug|Any CPU.ActiveCfg = Debug|Any CPU
		{0E6B8BE5-31D9-4239-95DF-FD9C36672C5D}.Debug|Any CPU.Build.0 = Debug|Any CPU
		{0E6B8BE5-31D9-4239-95DF-FD9C36672C5D}.Release|Any CPU.ActiveCfg = Release|Any CPU
		{0E6B8BE5-31D9-4239-95DF-FD9C36672C5D}.Release|Any CPU.Build.0 = Release|Any CPU
	EndGlobalSection
	GlobalSection(SolutionProperties) = preSolution
		HideSolutionNode = FALSE
	EndGlobalSection
	GlobalSection(ExtensibilityGlobals) = postSolution
		SolutionGuid = {76F76ED0-2F29-4051-B07C-857834E4E47E}
	EndGlobalSection
EndGlobal
